
Microsoft Visual Studio Solution File, Format Version 12.00
# Visual Studio Version 17
VisualStudioVersion = 17.8.34330.188
MinimumVisualStudioVersion = 10.0.40219.1
Project("{FAE04EC0-301F-11D3-BF4B-00C04F79EFBC}") = "HranaOverHttp.Sdk", "HranaOverHttp.Sdk\HranaOverHttp.Sdk.csproj", "{8C2971E9-C2CF-44A0-A2A6-90D6E1767338}"
EndProject
Project("{FAE04EC0-301F-11D3-BF4B-00C04F79EFBC}") = "HranaClient.Example", "HranaClient.Example\HranaClient.Example.csproj", "{DA28BE0D-D1FE-4183-809B-132DE82F6A4F}"
EndProject
Global
	GlobalSection(SolutionConfigurationPlatforms) = preSolution
		Debug|Any CPU = Debug|Any CPU
		Release|Any CPU = Release|Any CPU
	EndGlobalSection
	GlobalSection(ProjectConfigurationPlatforms) = postSolution
		{8C2971E9-C2CF-44A0-A2A6-90D6E1767338}.Debug|Any CPU.ActiveCfg = Debug|Any CPU
		{8C2971E9-C2CF-44A0-A2A6-90D6E1767338}.Debug|Any CPU.Build.0 = Debug|Any CPU
		{8C2971E9-C2CF-44A0-A2A6-90D6E1767338}.Release|Any CPU.ActiveCfg = Release|Any CPU
		{8C2971E9-C2CF-44A0-A2A6-90D6E1767338}.Release|Any CPU.Build.0 = Release|Any CPU
		{DA28BE0D-D1FE-4183-809B-132DE82F6A4F}.Debug|Any CPU.ActiveCfg = Debug|Any CPU
		{DA28BE0D-D1FE-4183-809B-132DE82F6A4F}.Debug|Any CPU.Build.0 = Debug|Any CPU
		{DA28BE0D-D1FE-4183-809B-132DE82F6A4F}.Release|Any CPU.ActiveCfg = Release|Any CPU
		{DA28BE0D-D1FE-4183-809B-132DE82F6A4F}.Release|Any CPU.Build.0 = Release|Any CPU
	EndGlobalSection
	GlobalSection(SolutionProperties) = preSolution
		HideSolutionNode = FALSE
	EndGlobalSection
	GlobalSection(ExtensibilityGlobals) = postSolution
		SolutionGuid = {69E45B7F-1C3A-4CFE-9FCC-3EBB6841616E}
	EndGlobalSection
EndGlobal
